{
  "name": "testing",
  "version": "1.0.0",
  "lockfileVersion": 3,
  "requires": true,
  "packages": {
    "": {
      "name": "testing",
      "version": "1.0.0",
      "license": "ISC",
      "dependencies": {
        "scratch3": "^1.0.0"
      }
    },
    "node_modules/scratch3": {
      "version": "1.0.0",
      "resolved": "https://registry.npmjs.org/scratch3/-/scratch3-1.0.0.tgz",
      "integrity": "sha512-rGWWy0JfVj/JUOuIkCBmLiACQ+0N9FMMjrFTjiXJ+zqIrEYFpltbXRRDMKXHU8WE5X2vg3E0c/EcynyBAdEBiQ==",
      "license": "ISC"
    }
  }
}
